
Microsoft Visual Studio Solution File, Format Version 12.00
# Visual Studio Version 17
VisualStudioVersion = 17.8.34316.72
MinimumVisualStudioVersion = 10.0.40219.1
Project("{FAE04EC0-301F-11D3-BF4B-00C04F79EFBC}") = "Projet_Wiky_MVC", "Projet_Wiky_MVC\Projet_Wiky_MVC.csproj", "{8EAC3EAA-BCF6-4EBB-8BB1-F9390FFB9694}"
EndProject
Global
	GlobalSection(SolutionConfigurationPlatforms) = preSolution
		Debug|Any CPU = Debug|Any CPU
		Release|Any CPU = Release|Any CPU
	EndGlobalSection
	GlobalSection(ProjectConfigurationPlatforms) = postSolution
		{8EAC3EAA-BCF6-4EBB-8BB1-F9390FFB9694}.Debug|Any CPU.ActiveCfg = Debug|Any CPU
		{8EAC3EAA-BCF6-4EBB-8BB1-F9390FFB9694}.Debug|Any CPU.Build.0 = Debug|Any CPU
		{8EAC3EAA-BCF6-4EBB-8BB1-F9390FFB9694}.Release|Any CPU.ActiveCfg = Release|Any CPU
		{8EAC3EAA-BCF6-4EBB-8BB1-F9390FFB9694}.Release|Any CPU.Build.0 = Release|Any CPU
	EndGlobalSection
	GlobalSection(SolutionProperties) = preSolution
		HideSolutionNode = FALSE
	EndGlobalSection
	GlobalSection(ExtensibilityGlobals) = postSolution
		SolutionGuid = {8C5F36A0-B216-4B35-8EC8-29464B7348DF}
	EndGlobalSection
EndGlobal
